
Microsoft Visual Studio Solution File, Format Version 12.00
# Visual Studio Version 16
VisualStudioVersion = 16.0.30114.105
MinimumVisualStudioVersion = 10.0.40219.1
Project("{2150E333-8FDC-42A3-9474-1A3956D46DE8}") = "SRC", "SRC", "{4CD8A909-9D71-4AA8-9006-93B7CDC0808E}"
EndProject
Project("{FAE04EC0-301F-11D3-BF4B-00C04F79EFBC}") = "SimpleAPI", "SRC\SimpleAPI\SimpleAPI.csproj", "{BF6C1E86-CFD7-4299-BDA4-78E4E8F0D78F}"
EndProject
Project("{2150E333-8FDC-42A3-9474-1A3956D46DE8}") = "Test", "Test", "{8AF58CAD-BED7-4893-AECC-BA1E5B219B21}"
EndProject
Project("{FAE04EC0-301F-11D3-BF4B-00C04F79EFBC}") = "SimpleAPI.Tests", "Test\SimpleAPI.Tests\SimpleAPI.Tests.csproj", "{7CD22799-EDCC-476D-986D-75BB4669DD12}"
EndProject
Global
	GlobalSection(SolutionConfigurationPlatforms) = preSolution
		Debug|Any CPU = Debug|Any CPU
		Debug|x64 = Debug|x64
		Debug|x86 = Debug|x86
		Release|Any CPU = Release|Any CPU
		Release|x64 = Release|x64
		Release|x86 = Release|x86
	EndGlobalSection
	GlobalSection(SolutionProperties) = preSolution
		HideSolutionNode = FALSE
	EndGlobalSection
	GlobalSection(ProjectConfigurationPlatforms) = postSolution
		{BF6C1E86-CFD7-4299-BDA4-78E4E8F0D78F}.Debug|Any CPU.ActiveCfg = Debug|Any CPU
		{BF6C1E86-CFD7-4299-BDA4-78E4E8F0D78F}.Debug|Any CPU.Build.0 = Debug|Any CPU
		{BF6C1E86-CFD7-4299-BDA4-78E4E8F0D78F}.Debug|x64.ActiveCfg = Debug|Any CPU
		{BF6C1E86-CFD7-4299-BDA4-78E4E8F0D78F}.Debug|x64.Build.0 = Debug|Any CPU
		{BF6C1E86-CFD7-4299-BDA4-78E4E8F0D78F}.Debug|x86.ActiveCfg = Debug|Any CPU
		{BF6C1E86-CFD7-4299-BDA4-78E4E8F0D78F}.Debug|x86.Build.0 = Debug|Any CPU
		{BF6C1E86-CFD7-4299-BDA4-78E4E8F0D78F}.Release|Any CPU.ActiveCfg = Release|Any CPU
		{BF6C1E86-CFD7-4299-BDA4-78E4E8F0D78F}.Release|Any CPU.Build.0 = Release|Any CPU
		{BF6C1E86-CFD7-4299-BDA4-78E4E8F0D78F}.Release|x64.ActiveCfg = Release|Any CPU
		{BF6C1E86-CFD7-4299-BDA4-78E4E8F0D78F}.Release|x64.Build.0 = Release|Any CPU
		{BF6C1E86-CFD7-4299-BDA4-78E4E8F0D78F}.Release|x86.ActiveCfg = Release|Any CPU
		{BF6C1E86-CFD7-4299-BDA4-78E4E8F0D78F}.Release|x86.Build.0 = Release|Any CPU
		{7CD22799-EDCC-476D-986D-75BB4669DD12}.Debug|Any CPU.ActiveCfg = Debug|Any CPU
		{7CD22799-EDCC-476D-986D-75BB4669DD12}.Debug|Any CPU.Build.0 = Debug|Any CPU
		{7CD22799-EDCC-476D-986D-75BB4669DD12}.Debug|x64.ActiveCfg = Debug|Any CPU
		{7CD22799-EDCC-476D-986D-75BB4669DD12}.Debug|x64.Build.0 = Debug|Any CPU
		{7CD22799-EDCC-476D-986D-75BB4669DD12}.Debug|x86.ActiveCfg = Debug|Any CPU
		{7CD22799-EDCC-476D-986D-75BB4669DD12}.Debug|x86.Build.0 = Debug|Any CPU
		{7CD22799-EDCC-476D-986D-75BB4669DD12}.Release|Any CPU.ActiveCfg = Release|Any CPU
		{7CD22799-EDCC-476D-986D-75BB4669DD12}.Release|Any CPU.Build.0 = Release|Any CPU
		{7CD22799-EDCC-476D-986D-75BB4669DD12}.Release|x64.ActiveCfg = Release|Any CPU
		{7CD22799-EDCC-476D-986D-75BB4669DD12}.Release|x64.Build.0 = Release|Any CPU
		{7CD22799-EDCC-476D-986D-75BB4669DD12}.Release|x86.ActiveCfg = Release|Any CPU
		{7CD22799-EDCC-476D-986D-75BB4669DD12}.Release|x86.Build.0 = Release|Any CPU
	EndGlobalSection
	GlobalSection(NestedProjects) = preSolution
		{BF6C1E86-CFD7-4299-BDA4-78E4E8F0D78F} = {4CD8A909-9D71-4AA8-9006-93B7CDC0808E}
		{7CD22799-EDCC-476D-986D-75BB4669DD12} = {8AF58CAD-BED7-4893-AECC-BA1E5B219B21}
	EndGlobalSection
EndGlobal
